
Microsoft Visual Studio Solution File, Format Version 12.00
# Visual Studio 2013
VisualStudioVersion = 12.0.21005.1
MinimumVisualStudioVersion = 10.0.40219.1
Project("{D2ABAB84-BF74-430A-B69E-9DC6D40DDA17}") = "MultidimensionalProject1", "MultidimensionalProject1\MultidimensionalProject1.dwproj", "{60E9C0FA-EB20-4038-8F3B-42AE7DF83C7D}"
EndProject
Global
	GlobalSection(SolutionConfigurationPlatforms) = preSolution
		Development|Default = Development|Default
	EndGlobalSection
	GlobalSection(ProjectConfigurationPlatforms) = postSolution
		{60E9C0FA-EB20-4038-8F3B-42AE7DF83C7D}.Development|Default.ActiveCfg = Development
		{60E9C0FA-EB20-4038-8F3B-42AE7DF83C7D}.Development|Default.Build.0 = Development
		{60E9C0FA-EB20-4038-8F3B-42AE7DF83C7D}.Development|Default.Deploy.0 = Development
	EndGlobalSection
	GlobalSection(SolutionProperties) = preSolution
		HideSolutionNode = FALSE
	EndGlobalSection
EndGlobal
